<?xml version="1.0" encoding="utf-8"?>
<Project ToolsVersion="4.0" xmlns="http://schemas.microsoft.com/developer/msbuild/2003">
  <ItemGroup>
    <ClCompile Include="src\demos\Chess\ChessGameMode.cpp" />
    <ClCompile Include="src\demos\Chess\ChessBoardActor.cpp" />
    <ClCompile Include="src\Main.cpp" />
    <ClCompile Include="src\MyAudio.cpp" />
    <ClCompile Include="src\MyRenderer.cpp" />
    <ClCompile Include="src\demos\Chess\Pawn.cpp" />
    <ClCompile Include="src\demos\Chess\TileActor.cpp" />
  </ItemGroup>
  <ItemGroup>
    <ClInclude Include="src\MyAudio.h" />
    <ClInclude Include="src\MyRenderer.h" />
    <ClInclude Include="src\demos\Chess\ChessGameMode.h" />
    <ClInclude Include="src\demos\Chess\ChessBoardActor.h" />
    <ClInclude Include="src\demos\Chess\Pawn.h" />
    <ClInclude Include="src\demos\Chess\PissActor.h" />
    <ClInclude Include="src\demos\ImGuiHUD.h" />
    <ClInclude Include="src\demos\Chess\TileActor.h" />
    <ClInclude Include="src\demos\DemoUtils.h" />
    <ClInclude Include="src\demos\BasicCamera.h" />
    <ClInclude Include="src\demos\Chess\Chess.h" />
    <ClInclude Include="src\demos\Lighting.h" />
    <ClInclude Include="src\demos\DebugCoordinates.h" />
  </ItemGroup>
</Project>