<?xml version="1.0" encoding="utf-8"?>
<Project ToolsVersion="4.0" xmlns="http://schemas.microsoft.com/developer/msbuild/2003">
  <ItemGroup>
    <ClCompile Include="src\ChessGameMode.cpp" />
    <ClCompile Include="src\ChessBoardActor.cpp" />
    <ClCompile Include="src\Main.cpp" />
    <ClCompile Include="src\MyAudio.cpp" />
    <ClCompile Include="src\MyRenderer.cpp" />
    <ClCompile Include="src\Pawn.cpp" />
  </ItemGroup>
  <ItemGroup>
    <ClInclude Include="src\MyAudio.h" />
    <ClInclude Include="src\demos\ImGuiHUD.h" />
    <ClInclude Include="src\MyRenderer.h" />
    <ClInclude Include="src\ChessGameMode.h" />
    <ClInclude Include="src\ChessBoardActor.h" />
    <ClInclude Include="src\Pawn.h" />
    <ClInclude Include="src\PissActor.h" />
  </ItemGroup>
</Project>