<?xml version="1.0" encoding="utf-8"?>
<Project ToolsVersion="4.0" xmlns="http://schemas.microsoft.com/developer/msbuild/2003">
  <ItemGroup>
    <Filter Include="Source Files">
      <UniqueIdentifier>{4FC737F1-C7A5-4376-A066-2A32D752A2FF}</UniqueIdentifier>
      <Extensions>cpp;c;cc;cxx;c++;cppm;ixx;def;odl;idl;hpj;bat;asm;asmx</Extensions>
    </Filter>
    <Filter Include="Resource Files">
      <UniqueIdentifier>{67DA6AB6-F800-4c08-8B7A-83BB121AAD01}</UniqueIdentifier>
      <Extensions>rc;ico;cur;bmp;dlg;rc2;rct;bin;rgs;gif;jpg;jpeg;jpe;resx;tiff;tif;png;wav;mfcribbon-ms</Extensions>
    </Filter>
    <Filter Include="Playground">
      <UniqueIdentifier>{45e79a46-cada-46cf-b12e-8c4155529636}</UniqueIdentifier>
    </Filter>
    <Filter Include="Playground\Command pattern">
      <UniqueIdentifier>{e4153fe0-e0f8-4f91-83b1-ddde6d609cd0}</UniqueIdentifier>
    </Filter>
    <Filter Include="Playground\MessageBus">
      <UniqueIdentifier>{1791ebea-6785-4318-a919-7a3c2b44eb5d}</UniqueIdentifier>
    </Filter>
    <Filter Include="Playground\MessageBus\Modules">
      <UniqueIdentifier>{f86131d2-cd9f-47a1-ba79-70704c2d2980}</UniqueIdentifier>
    </Filter>
    <Filter Include="Playground\MessageBus\Messages">
      <UniqueIdentifier>{e6934d9b-9ce0-4c51-aafe-1d09f1677348}</UniqueIdentifier>
    </Filter>
    <Filter Include="Playground\MessageBus\Frameworks">
      <UniqueIdentifier>{e0da2367-db4b-47ed-abf0-99bf780b709b}</UniqueIdentifier>
    </Filter>
    <Filter Include="Playground\Component pattern">
      <UniqueIdentifier>{cd623940-ee22-4c07-b90e-3b87bccd36eb}</UniqueIdentifier>
    </Filter>
  </ItemGroup>
  <ItemGroup>
    <ClCompile Include="src\Input\Input.cpp">
      <Filter>Playground\MessageBus\Frameworks</Filter>
    </ClCompile>
    <ClCompile Include="src\Actor\Actor.cpp">
      <Filter>Playground\Component pattern</Filter>
    </ClCompile>
    <ClCompile Include="src\Window\Window.cpp">
      <Filter>Playground\MessageBus</Filter>
    </ClCompile>
    <ClCompile Include="src\World\World.cpp">
      <Filter>Playground\MessageBus</Filter>
    </ClCompile>
    <ClCompile Include="src\IGame.cpp">
      <Filter>Source Files</Filter>
    </ClCompile>
    <ClCompile Include="..\OurscraftEngine\Dependencies\GLAD\include\glad\glad.c">
      <Filter>Source Files</Filter>
    </ClCompile>
    <ClCompile Include="src\Renderer\Renderer.cpp">
      <Filter>Source Files</Filter>
    </ClCompile>
    <ClCompile Include="src\Renderer\IndexBuffer.cpp">
      <Filter>Source Files</Filter>
    </ClCompile>
    <ClCompile Include="src\Renderer\VertexArray.cpp">
      <Filter>Source Files</Filter>
    </ClCompile>
    <ClCompile Include="src\Renderer\VertexBuffer.cpp">
      <Filter>Source Files</Filter>
    </ClCompile>
    <ClCompile Include="src\Renderer\ShaderClass.cpp">
      <Filter>Source Files</Filter>
    </ClCompile>
    <ClCompile Include="src\Components\Component.cpp">
      <Filter>Source Files</Filter>
    </ClCompile>
    <ClCompile Include="src\Utils\Helper.cpp">
      <Filter>Source Files</Filter>
    </ClCompile>
    <ClCompile Include="src\Renderer\Mesh.cpp">
      <Filter>Source Files</Filter>
    </ClCompile>
    <ClCompile Include="src\Actor\BaseCamera.cpp">
      <Filter>Source Files</Filter>
    </ClCompile>
    <ClCompile Include="src\Components\TransformComponent.cpp">
      <Filter>Source Files</Filter>
    </ClCompile>
    <ClCompile Include="src\Components\MeshComponent.cpp">
      <Filter>Source Files</Filter>
    </ClCompile>
    <ClCompile Include="src\Actor\OrthoCamera.cpp">
      <Filter>Source Files</Filter>
    </ClCompile>
    <ClCompile Include="src\Components\CameraComponent.cpp">
      <Filter>Source Files</Filter>
    </ClCompile>
    <ClCompile Include="src\Components\OrthoCameraComponent.cpp">
      <Filter>Source Files</Filter>
    </ClCompile>
    <ClCompile Include="src\Components\InputComponent.cpp">
      <Filter>Source Files</Filter>
    </ClCompile>
    <ClCompile Include="src\Input\Context.cpp">
      <Filter>Source Files</Filter>
    </ClCompile>
    <ClCompile Include="Client\MyGame.cpp">
      <Filter>Source Files</Filter>
    </ClCompile>
    <ClCompile Include="Client\Main.cpp">
      <Filter>Source Files</Filter>
    </ClCompile>
  </ItemGroup>
  <ItemGroup>
    <ClInclude Include="src\Input\Input.h">
      <Filter>Playground\MessageBus\Frameworks</Filter>
    </ClInclude>
    <ClInclude Include="src\Actor\Actor.h">
      <Filter>Playground\Component pattern</Filter>
    </ClInclude>
    <ClInclude Include="src\Window\Window.h">
      <Filter>Playground\MessageBus</Filter>
    </ClInclude>
    <ClInclude Include="src\World\World.h">
      <Filter>Playground\MessageBus</Filter>
    </ClInclude>
    <ClInclude Include="src\IGame.h" />
    <ClInclude Include="src\System.h" />
    <ClInclude Include="src\Renderer\Renderer.h" />
    <ClInclude Include="src\Renderer\IndexBuffer.h" />
    <ClInclude Include="src\Renderer\VertexArray.h" />
    <ClInclude Include="src\Renderer\VertexBuffer.h" />
    <ClInclude Include="src\Renderer\ShaderClass.h" />
    <ClInclude Include="src\Components\Component.h" />
    <ClInclude Include="src\Utils\Locator.h" />
    <ClInclude Include="src\Utils\Helper.h" />
    <ClInclude Include="src\Renderer\Mesh.h" />
    <ClInclude Include="src\Actor\BaseCamera.h" />
    <ClInclude Include="src\Components\TransformComponent.h" />
    <ClInclude Include="src\Components\MeshComponent.h" />
    <ClInclude Include="src\Actor\OrthoCamera.h" />
    <ClInclude Include="src\Components\CameraComponent.h" />
    <ClInclude Include="src\Components\OrthoCameraComponent.h" />
    <ClInclude Include="src\Components\InputComponent.h" />
    <ClInclude Include="src\Utils\LinkedList.h" />
    <ClInclude Include="src\Input\Context.h" />
    <ClInclude Include="Client\MyGame.h" />
  </ItemGroup>
  <ItemGroup>
    <None Include="res\shaders\default.frag" />
    <None Include="res\shaders\default.vert" />
    <None Include="res\shaders\mymesh.vert" />
    <None Include="res\shaders\mymesh.frag" />
  </ItemGroup>
</Project>