
Microsoft Visual Studio Solution File, Format Version 12.00
# Visual Studio Version 17
VisualStudioVersion = 17.4.33205.214
MinimumVisualStudioVersion = 10.0.40219.1
Project("{8BC9CEB8-8B4A-11D0-8D11-00A0C91BC942}") = "BGE2", "BGE2\BGE2.vcxproj", "{F9E2C07B-DCC4-4A18-92DC-DCF208F3237F}"
EndProject
Project("{8BC9CEB8-8B4A-11D0-8D11-00A0C91BC942}") = "OGLMods", "OGLMods\OGLMods.vcxproj", "{72259416-ED49-47F5-A8E7-56A9978B70E5}"
EndProject
Project("{8BC9CEB8-8B4A-11D0-8D11-00A0C91BC942}") = "BoredChess", "BoredChess\BoredChess.vcxproj", "{CC2D4238-5E6F-4D16-8DF0-A2362A6BED23}"
EndProject
Project("{8BC9CEB8-8B4A-11D0-8D11-00A0C91BC942}") = "OALMods", "OALMods\OALMods.vcxproj", "{30CA2746-FFF4-447C-B666-988413650779}"
	ProjectSection(ProjectDependencies) = postProject
		{F9E2C07B-DCC4-4A18-92DC-DCF208F3237F} = {F9E2C07B-DCC4-4A18-92DC-DCF208F3237F}
	EndProjectSection
EndProject
Project("{8BC9CEB8-8B4A-11D0-8D11-00A0C91BC942}") = "Tests", "Tests\Tests.vcxproj", "{BDC3AB78-AC91-41F4-AB00-CC638B3BAD22}"
EndProject
Global
	GlobalSection(SolutionConfigurationPlatforms) = preSolution
		Debug|x64 = Debug|x64
		Debug|x86 = Debug|x86
		Release|x64 = Release|x64
		Release|x86 = Release|x86
	EndGlobalSection
	GlobalSection(ProjectConfigurationPlatforms) = postSolution
		{F9E2C07B-DCC4-4A18-92DC-DCF208F3237F}.Debug|x64.ActiveCfg = Debug|x64
		{F9E2C07B-DCC4-4A18-92DC-DCF208F3237F}.Debug|x64.Build.0 = Debug|x64
		{F9E2C07B-DCC4-4A18-92DC-DCF208F3237F}.Debug|x86.ActiveCfg = Debug|Win32
		{F9E2C07B-DCC4-4A18-92DC-DCF208F3237F}.Debug|x86.Build.0 = Debug|Win32
		{F9E2C07B-DCC4-4A18-92DC-DCF208F3237F}.Release|x64.ActiveCfg = Release|x64
		{F9E2C07B-DCC4-4A18-92DC-DCF208F3237F}.Release|x64.Build.0 = Release|x64
		{F9E2C07B-DCC4-4A18-92DC-DCF208F3237F}.Release|x86.ActiveCfg = Release|Win32
		{F9E2C07B-DCC4-4A18-92DC-DCF208F3237F}.Release|x86.Build.0 = Release|Win32
		{72259416-ED49-47F5-A8E7-56A9978B70E5}.Debug|x64.ActiveCfg = Debug|x64
		{72259416-ED49-47F5-A8E7-56A9978B70E5}.Debug|x64.Build.0 = Debug|x64
		{72259416-ED49-47F5-A8E7-56A9978B70E5}.Debug|x86.ActiveCfg = Debug|Win32
		{72259416-ED49-47F5-A8E7-56A9978B70E5}.Debug|x86.Build.0 = Debug|Win32
		{72259416-ED49-47F5-A8E7-56A9978B70E5}.Release|x64.ActiveCfg = Release|x64
		{72259416-ED49-47F5-A8E7-56A9978B70E5}.Release|x64.Build.0 = Release|x64
		{72259416-ED49-47F5-A8E7-56A9978B70E5}.Release|x86.ActiveCfg = Release|Win32
		{72259416-ED49-47F5-A8E7-56A9978B70E5}.Release|x86.Build.0 = Release|Win32
		{CC2D4238-5E6F-4D16-8DF0-A2362A6BED23}.Debug|x64.ActiveCfg = Debug|x64
		{CC2D4238-5E6F-4D16-8DF0-A2362A6BED23}.Debug|x64.Build.0 = Debug|x64
		{CC2D4238-5E6F-4D16-8DF0-A2362A6BED23}.Debug|x86.ActiveCfg = Debug|Win32
		{CC2D4238-5E6F-4D16-8DF0-A2362A6BED23}.Debug|x86.Build.0 = Debug|Win32
		{CC2D4238-5E6F-4D16-8DF0-A2362A6BED23}.Release|x64.ActiveCfg = Release|x64
		{CC2D4238-5E6F-4D16-8DF0-A2362A6BED23}.Release|x64.Build.0 = Release|x64
		{CC2D4238-5E6F-4D16-8DF0-A2362A6BED23}.Release|x86.ActiveCfg = Release|Win32
		{CC2D4238-5E6F-4D16-8DF0-A2362A6BED23}.Release|x86.Build.0 = Release|Win32
		{30CA2746-FFF4-447C-B666-988413650779}.Debug|x64.ActiveCfg = Debug|x64
		{30CA2746-FFF4-447C-B666-988413650779}.Debug|x64.Build.0 = Debug|x64
		{30CA2746-FFF4-447C-B666-988413650779}.Debug|x86.ActiveCfg = Debug|Win32
		{30CA2746-FFF4-447C-B666-988413650779}.Debug|x86.Build.0 = Debug|Win32
		{30CA2746-FFF4-447C-B666-988413650779}.Release|x64.ActiveCfg = Release|x64
		{30CA2746-FFF4-447C-B666-988413650779}.Release|x64.Build.0 = Release|x64
		{30CA2746-FFF4-447C-B666-988413650779}.Release|x86.ActiveCfg = Release|Win32
		{30CA2746-FFF4-447C-B666-988413650779}.Release|x86.Build.0 = Release|Win32
		{BDC3AB78-AC91-41F4-AB00-CC638B3BAD22}.Debug|x64.ActiveCfg = Debug|x64
		{BDC3AB78-AC91-41F4-AB00-CC638B3BAD22}.Debug|x64.Build.0 = Debug|x64
		{BDC3AB78-AC91-41F4-AB00-CC638B3BAD22}.Debug|x86.ActiveCfg = Debug|Win32
		{BDC3AB78-AC91-41F4-AB00-CC638B3BAD22}.Debug|x86.Build.0 = Debug|Win32
		{BDC3AB78-AC91-41F4-AB00-CC638B3BAD22}.Release|x64.ActiveCfg = Release|x64
		{BDC3AB78-AC91-41F4-AB00-CC638B3BAD22}.Release|x64.Build.0 = Release|x64
		{BDC3AB78-AC91-41F4-AB00-CC638B3BAD22}.Release|x86.ActiveCfg = Release|Win32
		{BDC3AB78-AC91-41F4-AB00-CC638B3BAD22}.Release|x86.Build.0 = Release|Win32
	EndGlobalSection
	GlobalSection(SolutionProperties) = preSolution
		HideSolutionNode = FALSE
	EndGlobalSection
	GlobalSection(ExtensibilityGlobals) = postSolution
		SolutionGuid = {D5E630D4-62EF-45CF-AF50-5BB4E4017CCA}
	EndGlobalSection
EndGlobal
