<?xml version="1.0" encoding="utf-8"?>
<Project ToolsVersion="4.0" xmlns="http://schemas.microsoft.com/developer/msbuild/2003">
  <ItemGroup>
    <ClCompile Include="src\Components\AudioComponent.cpp" />
    <ClCompile Include="src\Actor\BaseCamera.cpp" />
    <ClCompile Include="src\Audio\IAudio.cpp" />
    <ClCompile Include="src\Audio\OpenALAudio.cpp" />
    <ClCompile Include="src\Audio\OpenALBuffer.cpp" />
    <ClCompile Include="src\Audio\OpenALSource.cpp" />
    <ClCompile Include="src\Components\CameraComponent.cpp" />
    <ClCompile Include="src\Components\Component.cpp" />
    <ClCompile Include="src\Components\TextureComponent.cpp" />
    <ClCompile Include="src\HUD\HUDComponents\ImGuiWindow.cpp" />
    <ClCompile Include="src\HUD\IHUD.cpp" />
    <ClCompile Include="src\HUD\ImGuiHUD.cpp" />
    <ClCompile Include="src\Renderer\Buffers\FrameBuffer.cpp" />
    <ClCompile Include="src\Input\IInput.cpp" />
    <ClCompile Include="src\pch.cpp" />
    <ClCompile Include="src\Renderer\Texture\OpenGLTexture.cpp" />
    <ClCompile Include="src\World\IWorld.cpp" />
    <ClCompile Include="src\Actor\Actor.cpp" />
    <ClCompile Include="src\Actor\OrthoCamera.cpp" />
    <ClCompile Include="src\Components\InputComponent.cpp" />
    <ClCompile Include="src\Components\MeshComponent.cpp" />
    <ClCompile Include="src\Components\OrthoCameraComponent.cpp" />
    <ClCompile Include="src\Components\TransformComponent.cpp" />
    <ClCompile Include="src\IGame.cpp" />
    <ClCompile Include="src\Input\Context.cpp" />
    <ClCompile Include="src\Input\GLFWInput.cpp" />
    <ClCompile Include="src\Renderer\Buffers\IndexBuffer.cpp" />
    <ClCompile Include="src\Renderer\IRenderer.cpp" />
    <ClCompile Include="src\Renderer\Mesh.cpp" />
    <ClCompile Include="src\Renderer\Renderer.cpp" />
    <ClCompile Include="src\Renderer\ShaderClass.cpp" />
    <ClCompile Include="src\Renderer\Buffers\VertexArray.cpp" />
    <ClCompile Include="src\Renderer\Buffers\VertexBuffer.cpp" />
    <ClCompile Include="src\Utils\Helper.cpp" />
    <ClCompile Include="src\Window\GLFWWindow.cpp" />
    <ClCompile Include="src\Window\IWindow.cpp" />
    <ClCompile Include="src\World\World.cpp" />
    <ClCompile Include="vendors\glad.c" />
    <ClCompile Include="src\Renderer\Material\OpenGLMaterial.cpp" />
    <ClCompile Include="src\Actor\PerspectiveCamera.cpp" />
    <ClCompile Include="src\Components\PerspectiveCameraComponent.cpp" />
  </ItemGroup>
  <ItemGroup>
    <ClInclude Include="src\Components\AudioComponent.h" />
    <ClInclude Include="src\Audio\ISoundBuffer.h" />
    <ClInclude Include="src\Audio\ISource.h" />
    <ClInclude Include="src\Audio\IAudio.h" />
    <ClInclude Include="src\Audio\OpenALAudio.h" />
    <ClInclude Include="src\Audio\OpenALBuffer.h" />
    <ClInclude Include="src\Audio\OpenALSource.h" />
    <ClInclude Include="src\Components\TextureComponent.h" />
    <ClInclude Include="src\HUD\HUDComponents\IHUDElement.h" />
    <ClInclude Include="src\HUD\HUDComponents\IHUDWindow.h" />
    <ClInclude Include="src\HUD\HUDComponents\ImGuiButtonEl.h" />
    <ClInclude Include="src\HUD\HUDComponents\ImGuiTextEl.h" />
    <ClInclude Include="src\HUD\HUDComponents\ImGuiWindow.h" />
    <ClInclude Include="src\HUD\IHUD.h" />
    <ClInclude Include="src\HUD\ImGuiHUD.h" />
    <ClInclude Include="src\Renderer\Buffers\FrameBuffer.h" />
    <ClInclude Include="src\World\GameMode\IGameMode.h" />
    <ClInclude Include="src\Input\IInput.h" />
    <ClInclude Include="src\pch.h" />
    <ClInclude Include="src\Renderer\Texture\ITexture.h" />
    <ClInclude Include="src\Renderer\Texture\OpenGLTexture.h" />
    <ClInclude Include="src\World\IWorld.h" />
    <ClInclude Include="src\Actor\Actor.h" />
    <ClInclude Include="src\Actor\BaseCamera.h" />
    <ClInclude Include="src\Actor\OrthoCamera.h" />
    <ClInclude Include="src\Components\CameraComponent.h" />
    <ClInclude Include="src\Components\Component.h" />
    <ClInclude Include="src\Components\InputComponent.h" />
    <ClInclude Include="src\Components\MeshComponent.h" />
    <ClInclude Include="src\Components\OrthoCameraComponent.h" />
    <ClInclude Include="src\Components\TransformComponent.h" />
    <ClInclude Include="src\IGame.h" />
    <ClInclude Include="src\Input\Constant.h" />
    <ClInclude Include="src\Input\Context.h" />
    <ClInclude Include="src\Input\GLFWInput.h" />
    <ClInclude Include="src\Renderer\Buffers\IndexBuffer.h" />
    <ClInclude Include="src\Renderer\IRenderer.h" />
    <ClInclude Include="src\Renderer\Mesh.h" />
    <ClInclude Include="src\Renderer\Renderer.h" />
    <ClInclude Include="src\Renderer\ShaderClass.h" />
    <ClInclude Include="src\Renderer\Buffers\VertexArray.h" />
    <ClInclude Include="src\Renderer\Buffers\VertexBuffer.h" />
    <ClInclude Include="src\System.h" />
    <ClInclude Include="src\Utils\Helper.h" />
    <ClInclude Include="src\Utils\LinkedList.h" />
    <ClInclude Include="src\Utils\Locator.h" />
    <ClInclude Include="src\Window\IWindow.h" />
    <ClInclude Include="src\Window\GLFWWindow.h" />
    <ClInclude Include="src\World\World.h" />
    <ClInclude Include="vendors\stb_image\stb_image.h" />
    <ClInclude Include="src\Renderer\Material\OpenGLMaterial.h" />
    <ClInclude Include="src\Actor\PerspectiveCamera.h" />
    <ClInclude Include="src\Components\PerspectiveCameraComponent.h" />
  </ItemGroup>
</Project>